
Microsoft Visual Studio Solution File, Format Version 12.00
# Visual Studio Version 16
VisualStudioVersion = 16.0.30320.27
MinimumVisualStudioVersion = 15.0.26124.0
Project("{9A19103F-16F7-4668-BE54-9A1E7A4F7556}") = "RegisterLib", "RegisterLib\RegisterLib.csproj", "{787F53A6-7086-4AB5-A011-5CC806063C45}"
EndProject
Project("{9A19103F-16F7-4668-BE54-9A1E7A4F7556}") = "RegisterApp", "RegisterApp\RegisterApp.csproj", "{A46F7D2A-855E-4D29-AFA5-84587198E8F5}"
EndProject
Project("{9A19103F-16F7-4668-BE54-9A1E7A4F7556}") = "RegisterTest", "RegisterTest\RegisterTest.csproj", "{EDB66C51-888C-4779-B146-7A25EEDA3C96}"
EndProject
Project("{FAE04EC0-301F-11D3-BF4B-00C04F79EFBC}") = "RegisterAppFramework", "RegisterAppFramework\RegisterAppFramework.csproj", "{0933BA2D-E0F1-4A31-99F0-1258918229DD}"
EndProject
Project("{FAE04EC0-301F-11D3-BF4B-00C04F79EFBC}") = "RegisterLibFramework", "RegisterLibFramework\RegisterLibFramework.csproj", "{E4208E53-6004-483F-9054-3AF279CC88C6}"
EndProject
Project("{9A19103F-16F7-4668-BE54-9A1E7A4F7556}") = "RegisterLibCore", "RegisterLibCore\RegisterLibCore.csproj", "{1821B077-C1DB-4096-BE41-A00A759AC7C8}"
EndProject
Project("{9A19103F-16F7-4668-BE54-9A1E7A4F7556}") = "NUnitTestProject1", "NUnitTestProject1\NUnitTestProject1.csproj", "{4D4148EB-4684-4D09-9B5D-9053B7B478BC}"
EndProject
Global
	GlobalSection(SolutionConfigurationPlatforms) = preSolution
		Debug|Any CPU = Debug|Any CPU
		Debug|x64 = Debug|x64
		Debug|x86 = Debug|x86
		Release|Any CPU = Release|Any CPU
		Release|x64 = Release|x64
		Release|x86 = Release|x86
	EndGlobalSection
	GlobalSection(ProjectConfigurationPlatforms) = postSolution
		{787F53A6-7086-4AB5-A011-5CC806063C45}.Debug|Any CPU.ActiveCfg = Debug|Any CPU
		{787F53A6-7086-4AB5-A011-5CC806063C45}.Debug|Any CPU.Build.0 = Debug|Any CPU
		{787F53A6-7086-4AB5-A011-5CC806063C45}.Debug|x64.ActiveCfg = Debug|Any CPU
		{787F53A6-7086-4AB5-A011-5CC806063C45}.Debug|x64.Build.0 = Debug|Any CPU
		{787F53A6-7086-4AB5-A011-5CC806063C45}.Debug|x86.ActiveCfg = Debug|Any CPU
		{787F53A6-7086-4AB5-A011-5CC806063C45}.Debug|x86.Build.0 = Debug|Any CPU
		{787F53A6-7086-4AB5-A011-5CC806063C45}.Release|Any CPU.ActiveCfg = Release|Any CPU
		{787F53A6-7086-4AB5-A011-5CC806063C45}.Release|Any CPU.Build.0 = Release|Any CPU
		{787F53A6-7086-4AB5-A011-5CC806063C45}.Release|x64.ActiveCfg = Release|Any CPU
		{787F53A6-7086-4AB5-A011-5CC806063C45}.Release|x64.Build.0 = Release|Any CPU
		{787F53A6-7086-4AB5-A011-5CC806063C45}.Release|x86.ActiveCfg = Release|Any CPU
		{787F53A6-7086-4AB5-A011-5CC806063C45}.Release|x86.Build.0 = Release|Any CPU
		{A46F7D2A-855E-4D29-AFA5-84587198E8F5}.Debug|Any CPU.ActiveCfg = Debug|Any CPU
		{A46F7D2A-855E-4D29-AFA5-84587198E8F5}.Debug|Any CPU.Build.0 = Debug|Any CPU
		{A46F7D2A-855E-4D29-AFA5-84587198E8F5}.Debug|x64.ActiveCfg = Debug|Any CPU
		{A46F7D2A-855E-4D29-AFA5-84587198E8F5}.Debug|x64.Build.0 = Debug|Any CPU
		{A46F7D2A-855E-4D29-AFA5-84587198E8F5}.Debug|x86.ActiveCfg = Debug|Any CPU
		{A46F7D2A-855E-4D29-AFA5-84587198E8F5}.Debug|x86.Build.0 = Debug|Any CPU
		{A46F7D2A-855E-4D29-AFA5-84587198E8F5}.Release|Any CPU.ActiveCfg = Release|Any CPU
		{A46F7D2A-855E-4D29-AFA5-84587198E8F5}.Release|Any CPU.Build.0 = Release|Any CPU
		{A46F7D2A-855E-4D29-AFA5-84587198E8F5}.Release|x64.ActiveCfg = Release|Any CPU
		{A46F7D2A-855E-4D29-AFA5-84587198E8F5}.Release|x64.Build.0 = Release|Any CPU
		{A46F7D2A-855E-4D29-AFA5-84587198E8F5}.Release|x86.ActiveCfg = Release|Any CPU
		{A46F7D2A-855E-4D29-AFA5-84587198E8F5}.Release|x86.Build.0 = Release|Any CPU
		{EDB66C51-888C-4779-B146-7A25EEDA3C96}.Debug|Any CPU.ActiveCfg = Debug|Any CPU
		{EDB66C51-888C-4779-B146-7A25EEDA3C96}.Debug|Any CPU.Build.0 = Debug|Any CPU
		{EDB66C51-888C-4779-B146-7A25EEDA3C96}.Debug|x64.ActiveCfg = Debug|Any CPU
		{EDB66C51-888C-4779-B146-7A25EEDA3C96}.Debug|x64.Build.0 = Debug|Any CPU
		{EDB66C51-888C-4779-B146-7A25EEDA3C96}.Debug|x86.ActiveCfg = Debug|Any CPU
		{EDB66C51-888C-4779-B146-7A25EEDA3C96}.Debug|x86.Build.0 = Debug|Any CPU
		{EDB66C51-888C-4779-B146-7A25EEDA3C96}.Release|Any CPU.ActiveCfg = Release|Any CPU
		{EDB66C51-888C-4779-B146-7A25EEDA3C96}.Release|Any CPU.Build.0 = Release|Any CPU
		{EDB66C51-888C-4779-B146-7A25EEDA3C96}.Release|x64.ActiveCfg = Release|Any CPU
		{EDB66C51-888C-4779-B146-7A25EEDA3C96}.Release|x64.Build.0 = Release|Any CPU
		{EDB66C51-888C-4779-B146-7A25EEDA3C96}.Release|x86.ActiveCfg = Release|Any CPU
		{EDB66C51-888C-4779-B146-7A25EEDA3C96}.Release|x86.Build.0 = Release|Any CPU
		{0933BA2D-E0F1-4A31-99F0-1258918229DD}.Debug|Any CPU.ActiveCfg = Debug|Any CPU
		{0933BA2D-E0F1-4A31-99F0-1258918229DD}.Debug|Any CPU.Build.0 = Debug|Any CPU
		{0933BA2D-E0F1-4A31-99F0-1258918229DD}.Debug|x64.ActiveCfg = Debug|Any CPU
		{0933BA2D-E0F1-4A31-99F0-1258918229DD}.Debug|x64.Build.0 = Debug|Any CPU
		{0933BA2D-E0F1-4A31-99F0-1258918229DD}.Debug|x86.ActiveCfg = Debug|Any CPU
		{0933BA2D-E0F1-4A31-99F0-1258918229DD}.Debug|x86.Build.0 = Debug|Any CPU
		{0933BA2D-E0F1-4A31-99F0-1258918229DD}.Release|Any CPU.ActiveCfg = Release|Any CPU
		{0933BA2D-E0F1-4A31-99F0-1258918229DD}.Release|Any CPU.Build.0 = Release|Any CPU
		{0933BA2D-E0F1-4A31-99F0-1258918229DD}.Release|x64.ActiveCfg = Release|Any CPU
		{0933BA2D-E0F1-4A31-99F0-1258918229DD}.Release|x64.Build.0 = Release|Any CPU
		{0933BA2D-E0F1-4A31-99F0-1258918229DD}.Release|x86.ActiveCfg = Release|Any CPU
		{0933BA2D-E0F1-4A31-99F0-1258918229DD}.Release|x86.Build.0 = Release|Any CPU
		{E4208E53-6004-483F-9054-3AF279CC88C6}.Debug|Any CPU.ActiveCfg = Debug|Any CPU
		{E4208E53-6004-483F-9054-3AF279CC88C6}.Debug|Any CPU.Build.0 = Debug|Any CPU
		{E4208E53-6004-483F-9054-3AF279CC88C6}.Debug|x64.ActiveCfg = Debug|Any CPU
		{E4208E53-6004-483F-9054-3AF279CC88C6}.Debug|x64.Build.0 = Debug|Any CPU
		{E4208E53-6004-483F-9054-3AF279CC88C6}.Debug|x86.ActiveCfg = Debug|Any CPU
		{E4208E53-6004-483F-9054-3AF279CC88C6}.Debug|x86.Build.0 = Debug|Any CPU
		{E4208E53-6004-483F-9054-3AF279CC88C6}.Release|Any CPU.ActiveCfg = Release|Any CPU
		{E4208E53-6004-483F-9054-3AF279CC88C6}.Release|Any CPU.Build.0 = Release|Any CPU
		{E4208E53-6004-483F-9054-3AF279CC88C6}.Release|x64.ActiveCfg = Release|Any CPU
		{E4208E53-6004-483F-9054-3AF279CC88C6}.Release|x64.Build.0 = Release|Any CPU
		{E4208E53-6004-483F-9054-3AF279CC88C6}.Release|x86.ActiveCfg = Release|Any CPU
		{E4208E53-6004-483F-9054-3AF279CC88C6}.Release|x86.Build.0 = Release|Any CPU
		{1821B077-C1DB-4096-BE41-A00A759AC7C8}.Debug|Any CPU.ActiveCfg = Debug|Any CPU
		{1821B077-C1DB-4096-BE41-A00A759AC7C8}.Debug|Any CPU.Build.0 = Debug|Any CPU
		{1821B077-C1DB-4096-BE41-A00A759AC7C8}.Debug|x64.ActiveCfg = Debug|Any CPU
		{1821B077-C1DB-4096-BE41-A00A759AC7C8}.Debug|x64.Build.0 = Debug|Any CPU
		{1821B077-C1DB-4096-BE41-A00A759AC7C8}.Debug|x86.ActiveCfg = Debug|Any CPU
		{1821B077-C1DB-4096-BE41-A00A759AC7C8}.Debug|x86.Build.0 = Debug|Any CPU
		{1821B077-C1DB-4096-BE41-A00A759AC7C8}.Release|Any CPU.ActiveCfg = Release|Any CPU
		{1821B077-C1DB-4096-BE41-A00A759AC7C8}.Release|Any CPU.Build.0 = Release|Any CPU
		{1821B077-C1DB-4096-BE41-A00A759AC7C8}.Release|x64.ActiveCfg = Release|Any CPU
		{1821B077-C1DB-4096-BE41-A00A759AC7C8}.Release|x64.Build.0 = Release|Any CPU
		{1821B077-C1DB-4096-BE41-A00A759AC7C8}.Release|x86.ActiveCfg = Release|Any CPU
		{1821B077-C1DB-4096-BE41-A00A759AC7C8}.Release|x86.Build.0 = Release|Any CPU
		{4D4148EB-4684-4D09-9B5D-9053B7B478BC}.Debug|Any CPU.ActiveCfg = Debug|Any CPU
		{4D4148EB-4684-4D09-9B5D-9053B7B478BC}.Debug|Any CPU.Build.0 = Debug|Any CPU
		{4D4148EB-4684-4D09-9B5D-9053B7B478BC}.Debug|x64.ActiveCfg = Debug|Any CPU
		{4D4148EB-4684-4D09-9B5D-9053B7B478BC}.Debug|x64.Build.0 = Debug|Any CPU
		{4D4148EB-4684-4D09-9B5D-9053B7B478BC}.Debug|x86.ActiveCfg = Debug|Any CPU
		{4D4148EB-4684-4D09-9B5D-9053B7B478BC}.Debug|x86.Build.0 = Debug|Any CPU
		{4D4148EB-4684-4D09-9B5D-9053B7B478BC}.Release|Any CPU.ActiveCfg = Release|Any CPU
		{4D4148EB-4684-4D09-9B5D-9053B7B478BC}.Release|Any CPU.Build.0 = Release|Any CPU
		{4D4148EB-4684-4D09-9B5D-9053B7B478BC}.Release|x64.ActiveCfg = Release|Any CPU
		{4D4148EB-4684-4D09-9B5D-9053B7B478BC}.Release|x64.Build.0 = Release|Any CPU
		{4D4148EB-4684-4D09-9B5D-9053B7B478BC}.Release|x86.ActiveCfg = Release|Any CPU
		{4D4148EB-4684-4D09-9B5D-9053B7B478BC}.Release|x86.Build.0 = Release|Any CPU
	EndGlobalSection
	GlobalSection(SolutionProperties) = preSolution
		HideSolutionNode = FALSE
	EndGlobalSection
	GlobalSection(ExtensibilityGlobals) = postSolution
		SolutionGuid = {E99A5A05-098B-4E87-B513-59E3500BF001}
	EndGlobalSection
EndGlobal
